// !$*UTF8*$!
{
	archiveVersion = 1;
	classes = {
	};
	objectVersion = 46;
	objects = {

/* Begin PBXBuildFile section */
		06251A501A00459700750182 /* GameOverScene.swift in Sources */ = {isa = PBXBuildFile; fileRef = 069CCAAE1A00442100DFB8B3 /* GameOverScene.swift */; };
		0645C9A719ECA76100904585 /* AppDelegate.swift in Sources */ = {isa = PBXBuildFile; fileRef = 0645C9A619ECA76100904585 /* AppDelegate.swift */; };
		0645C9A919ECA76100904585 /* GameScene.sks in Resources */ = {isa = PBXBuildFile; fileRef = 0645C9A819ECA76100904585 /* GameScene.sks */; };
		0645C9AB19ECA76100904585 /* GameScene.swift in Sources */ = {isa = PBXBuildFile; fileRef = 0645C9AA19ECA76100904585 /* GameScene.swift */; };
		0645C9AD19ECA76100904585 /* GameViewController.swift in Sources */ = {isa = PBXBuildFile; fileRef = 0645C9AC19ECA76100904585 /* GameViewController.swift */; };
		0645C9B019ECA76100904585 /* Main.storyboard in Resources */ = {isa = PBXBuildFile; fileRef = 0645C9AE19ECA76100904585 /* Main.storyboard */; };
		0645C9B219ECA76100904585 /* Images.xcassets in Resources */ = {isa = PBXBuildFile; fileRef = 0645C9B119ECA76100904585 /* Images.xcassets */; };
		0645C9B519ECA76100904585 /* LaunchScreen.xib in Resources */ = {isa = PBXBuildFile; fileRef = 0645C9B319ECA76100904585 /* LaunchScreen.xib */; };
		068213E71A003A2B00DEA0D9 /* MenuScene.swift in Sources */ = {isa = PBXBuildFile; fileRef = 068213E61A003A2B00DEA0D9 /* MenuScene.swift */; };
		069CCAAD1A0043EC00DFB8B3 /* MenuScene.swift in Sources */ = {isa = PBXBuildFile; fileRef = 068213E61A003A2B00DEA0D9 /* MenuScene.swift */; };
		069CCAAF1A00442100DFB8B3 /* GameOverScene.swift in Sources */ = {isa = PBXBuildFile; fileRef = 069CCAAE1A00442100DFB8B3 /* GameOverScene.swift */; };
		06B7AC5A19EDC7090085116F /* QuickTests.swift in Sources */ = {isa = PBXBuildFile; fileRef = 06B7AC5919EDC7090085116F /* QuickTests.swift */; };
		06B7AC7E19EDCB780085116F /* Quick.framework in Frameworks */ = {isa = PBXBuildFile; fileRef = 06B7AC7719EDCB530085116F /* Quick.framework */; };
		06B7AC7F19EDCB7D0085116F /* Nimble.framework in Frameworks */ = {isa = PBXBuildFile; fileRef = 06B7AC6719EDCB410085116F /* Nimble.framework */; };
		06C8554C19F436D3006A56EE /* GameScene.swift in Sources */ = {isa = PBXBuildFile; fileRef = 0645C9AA19ECA76100904585 /* GameScene.swift */; };
		06D0B70819F46B8D009D8ACD /* GameScene.sks in Resources */ = {isa = PBXBuildFile; fileRef = 0645C9A819ECA76100904585 /* GameScene.sks */; };
		06D0B70919F46C5E009D8ACD /* GameViewController.swift in Sources */ = {isa = PBXBuildFile; fileRef = 0645C9AC19ECA76100904585 /* GameViewController.swift */; };
		06F4911119EF2D6A00678016 /* GameSceneTests.swift in Sources */ = {isa = PBXBuildFile; fileRef = 06F4911019EF2D6A00678016 /* GameSceneTests.swift */; };
/* End PBXBuildFile section */

/* Begin PBXContainerItemProxy section */
		0645C9BB19ECA76100904585 /* PBXContainerItemProxy */ = {
			isa = PBXContainerItemProxy;
			containerPortal = 0645C99919ECA76100904585 /* Project object */;
			proxyType = 1;
			remoteGlobalIDString = 0645C9A019ECA76100904585;
			remoteInfo = ElGatoCanHazNYC;
		};
		06B7AC6619EDCB410085116F /* PBXContainerItemProxy */ = {
			isa = PBXContainerItemProxy;
			containerPortal = 06B7AC5F19EDCB410085116F /* Nimble.xcodeproj */;
			proxyType = 2;
			remoteGlobalIDString = 1F1A74291940169200FFFC47;
			remoteInfo = "Nimble-iOS";
		};
		06B7AC6819EDCB410085116F /* PBXContainerItemProxy */ = {
			isa = PBXContainerItemProxy;
			containerPortal = 06B7AC5F19EDCB410085116F /* Nimble.xcodeproj */;
			proxyType = 2;
			remoteGlobalIDString = 1F1A74341940169200FFFC47;
			remoteInfo = "Nimble-iOSTests";
		};
		06B7AC6A19EDCB410085116F /* PBXContainerItemProxy */ = {
			isa = PBXContainerItemProxy;
			containerPortal = 06B7AC5F19EDCB410085116F /* Nimble.xcodeproj */;
			proxyType = 2;
			remoteGlobalIDString = 1F925EAD195C0D6300ED456B;
			remoteInfo = "Nimble-OSX";
		};
		06B7AC6C19EDCB410085116F /* PBXContainerItemProxy */ = {
			isa = PBXContainerItemProxy;
			containerPortal = 06B7AC5F19EDCB410085116F /* Nimble.xcodeproj */;
			proxyType = 2;
			remoteGlobalIDString = 1F925EB7195C0D6300ED456B;
			remoteInfo = "Nimble-OSXTests";
		};
		06B7AC7619EDCB530085116F /* PBXContainerItemProxy */ = {
			isa = PBXContainerItemProxy;
			containerPortal = 06B7AC6E19EDCB530085116F /* Quick.xcodeproj */;
			proxyType = 2;
			remoteGlobalIDString = DAEB6B8E1943873100289F44;
			remoteInfo = Quick;
		};
		06B7AC7819EDCB530085116F /* PBXContainerItemProxy */ = {
			isa = PBXContainerItemProxy;
			containerPortal = 06B7AC6E19EDCB530085116F /* Quick.xcodeproj */;
			proxyType = 2;
			remoteGlobalIDString = DAEB6B991943873100289F44;
			remoteInfo = QuickTests;
		};
		06B7AC7A19EDCB530085116F /* PBXContainerItemProxy */ = {
			isa = PBXContainerItemProxy;
			containerPortal = 06B7AC6E19EDCB530085116F /* Quick.xcodeproj */;
			proxyType = 2;
			remoteGlobalIDString = 5A5D117C19473F2100F6D13D;
			remoteInfo = "Quick-iOS";
		};
		06B7AC7C19EDCB530085116F /* PBXContainerItemProxy */ = {
			isa = PBXContainerItemProxy;
			containerPortal = 06B7AC6E19EDCB530085116F /* Quick.xcodeproj */;
			proxyType = 2;
			remoteGlobalIDString = 5A5D118619473F2100F6D13D;
			remoteInfo = "Quick-iOSTests";
		};
/* End PBXContainerItemProxy section */

/* Begin PBXFileReference section */
		0645C9A119ECA76100904585 /* ElGatoCanHazNYC.app */ = {isa = PBXFileReference; explicitFileType = wrapper.application; includeInIndex = 0; path = ElGatoCanHazNYC.app; sourceTree = BUILT_PRODUCTS_DIR; };
		0645C9A519ECA76100904585 /* Info.plist */ = {isa = PBXFileReference; lastKnownFileType = text.plist.xml; path = Info.plist; sourceTree = "<group>"; };
		0645C9A619ECA76100904585 /* AppDelegate.swift */ = {isa = PBXFileReference; lastKnownFileType = sourcecode.swift; path = AppDelegate.swift; sourceTree = "<group>"; };
		0645C9A819ECA76100904585 /* GameScene.sks */ = {isa = PBXFileReference; lastKnownFileType = file.sks; path = GameScene.sks; sourceTree = "<group>"; };
		0645C9AA19ECA76100904585 /* GameScene.swift */ = {isa = PBXFileReference; lastKnownFileType = sourcecode.swift; path = GameScene.swift; sourceTree = "<group>"; };
		0645C9AC19ECA76100904585 /* GameViewController.swift */ = {isa = PBXFileReference; lastKnownFileType = sourcecode.swift; path = GameViewController.swift; sourceTree = "<group>"; };
		0645C9AF19ECA76100904585 /* Base */ = {isa = PBXFileReference; lastKnownFileType = file.storyboard; name = Base; path = Base.lproj/Main.storyboard; sourceTree = "<group>"; };
		0645C9B119ECA76100904585 /* Images.xcassets */ = {isa = PBXFileReference; lastKnownFileType = folder.assetcatalog; path = Images.xcassets; sourceTree = "<group>"; };
		0645C9B419ECA76100904585 /* Base */ = {isa = PBXFileReference; lastKnownFileType = file.xib; name = Base; path = Base.lproj/LaunchScreen.xib; sourceTree = "<group>"; };
		0645C9BA19ECA76100904585 /* ElGatoCanHazNYCTests.xctest */ = {isa = PBXFileReference; explicitFileType = wrapper.cfbundle; includeInIndex = 0; path = ElGatoCanHazNYCTests.xctest; sourceTree = BUILT_PRODUCTS_DIR; };
		0645C9BF19ECA76100904585 /* Info.plist */ = {isa = PBXFileReference; lastKnownFileType = text.plist.xml; path = Info.plist; sourceTree = "<group>"; };
		068213E61A003A2B00DEA0D9 /* MenuScene.swift */ = {isa = PBXFileReference; fileEncoding = 4; lastKnownFileType = sourcecode.swift; name = MenuScene.swift; path = scene/MenuScene.swift; sourceTree = "<group>"; };
		069CCAAE1A00442100DFB8B3 /* GameOverScene.swift */ = {isa = PBXFileReference; fileEncoding = 4; lastKnownFileType = sourcecode.swift; name = GameOverScene.swift; path = scene/GameOverScene.swift; sourceTree = "<group>"; };
		06B7AC5919EDC7090085116F /* QuickTests.swift */ = {isa = PBXFileReference; fileEncoding = 4; lastKnownFileType = sourcecode.swift; path = QuickTests.swift; sourceTree = "<group>"; };
		06B7AC5F19EDCB410085116F /* Nimble.xcodeproj */ = {isa = PBXFileReference; lastKnownFileType = "wrapper.pb-project"; name = Nimble.xcodeproj; path = Vendor/Nimble/Nimble.xcodeproj; sourceTree = SOURCE_ROOT; };
		06B7AC6E19EDCB530085116F /* Quick.xcodeproj */ = {isa = PBXFileReference; lastKnownFileType = "wrapper.pb-project"; name = Quick.xcodeproj; path = Vendor/Quick/Quick/Quick.xcodeproj; sourceTree = SOURCE_ROOT; };
		06C8555719F4394F006A56EE /* GameScene.playground */ = {isa = PBXFileReference; lastKnownFileType = file.playground; name = GameScene.playground; path = playgrounds/GameScene.playground; sourceTree = "<group>"; };
		06F4911019EF2D6A00678016 /* GameSceneTests.swift */ = {isa = PBXFileReference; fileEncoding = 4; lastKnownFileType = sourcecode.swift; name = GameSceneTests.swift; path = scene/GameSceneTests.swift; sourceTree = "<group>"; };
/* End PBXFileReference section */

/* Begin PBXFrameworksBuildPhase section */
		0645C99E19ECA76100904585 /* Frameworks */ = {
			isa = PBXFrameworksBuildPhase;
			buildActionMask = 2147483647;
			files = (
			);
			runOnlyForDeploymentPostprocessing = 0;
		};
		0645C9B719ECA76100904585 /* Frameworks */ = {
			isa = PBXFrameworksBuildPhase;
			buildActionMask = 2147483647;
			files = (
				06B7AC7F19EDCB7D0085116F /* Nimble.framework in Frameworks */,
				06B7AC7E19EDCB780085116F /* Quick.framework in Frameworks */,
			);
			runOnlyForDeploymentPostprocessing = 0;
		};
/* End PBXFrameworksBuildPhase section */

/* Begin PBXGroup section */
		0645C99819ECA76100904585 = {
			isa = PBXGroup;
			children = (
				0645C9A319ECA76100904585 /* ElGatoCanHazNYC */,
				0645C9BD19ECA76100904585 /* ElGatoCanHazNYCTests */,
				0645C9A219ECA76100904585 /* Products */,
			);
			sourceTree = "<group>";
		};
		0645C9A219ECA76100904585 /* Products */ = {
			isa = PBXGroup;
			children = (
				0645C9A119ECA76100904585 /* ElGatoCanHazNYC.app */,
				0645C9BA19ECA76100904585 /* ElGatoCanHazNYCTests.xctest */,
			);
			name = Products;
			sourceTree = "<group>";
		};
		0645C9A319ECA76100904585 /* ElGatoCanHazNYC */ = {
			isa = PBXGroup;
			children = (
				068213DD1A003A1500DEA0D9 /* scene */,
				06C8555619F43928006A56EE /* playgrounds */,
				06B7AC3219EDC5170085116F /* sprite */,
				0645C9A619ECA76100904585 /* AppDelegate.swift */,
				0645C9A819ECA76100904585 /* GameScene.sks */,
				0645C9AA19ECA76100904585 /* GameScene.swift */,
				0645C9AC19ECA76100904585 /* GameViewController.swift */,
				0645C9AE19ECA76100904585 /* Main.storyboard */,
				0645C9B119ECA76100904585 /* Images.xcassets */,
				0645C9B319ECA76100904585 /* LaunchScreen.xib */,
				0645C9A419ECA76100904585 /* Supporting Files */,
			);
			path = ElGatoCanHazNYC;
			sourceTree = "<group>";
		};
		0645C9A419ECA76100904585 /* Supporting Files */ = {
			isa = PBXGroup;
			children = (
				0645C9A519ECA76100904585 /* Info.plist */,
			);
			name = "Supporting Files";
			sourceTree = "<group>";
		};
		0645C9BD19ECA76100904585 /* ElGatoCanHazNYCTests */ = {
			isa = PBXGroup;
			children = (
				06F4910F19EF2D3D00678016 /* scene */,
				06F4910619EF2D3400678016 /* sprite */,
				06B7AC5919EDC7090085116F /* QuickTests.swift */,
				0645C9BE19ECA76100904585 /* Supporting Files */,
			);
			path = ElGatoCanHazNYCTests;
			sourceTree = "<group>";
		};
		0645C9BE19ECA76100904585 /* Supporting Files */ = {
			isa = PBXGroup;
			children = (
				06B7AC6E19EDCB530085116F /* Quick.xcodeproj */,
				06B7AC5F19EDCB410085116F /* Nimble.xcodeproj */,
				0645C9BF19ECA76100904585 /* Info.plist */,
			);
			name = "Supporting Files";
			sourceTree = "<group>";
		};
		068213DD1A003A1500DEA0D9 /* scene */ = {
			isa = PBXGroup;
			children = (
				068213E61A003A2B00DEA0D9 /* MenuScene.swift */,
				069CCAAE1A00442100DFB8B3 /* GameOverScene.swift */,
			);
			name = scene;
			sourceTree = "<group>";
		};
		06B7AC3219EDC5170085116F /* sprite */ = {
			isa = PBXGroup;
			children = (
			);
			name = sprite;
			sourceTree = "<group>";
		};
		06B7AC6019EDCB410085116F /* Products */ = {
			isa = PBXGroup;
			children = (
				06B7AC6719EDCB410085116F /* Nimble.framework */,
				06B7AC6919EDCB410085116F /* NimbleTests.xctest */,
				06B7AC6B19EDCB410085116F /* Nimble.framework */,
				06B7AC6D19EDCB410085116F /* Nimble-OSXTests.xctest */,
			);
			name = Products;
			sourceTree = "<group>";
		};
		06B7AC6F19EDCB530085116F /* Products */ = {
			isa = PBXGroup;
			children = (
				06B7AC7719EDCB530085116F /* Quick.framework */,
				06B7AC7919EDCB530085116F /* QuickTests.xctest */,
				06B7AC7B19EDCB530085116F /* Quick.framework */,
				06B7AC7D19EDCB530085116F /* Quick-iOSTests.xctest */,
			);
			name = Products;
			sourceTree = "<group>";
		};
		06C8555619F43928006A56EE /* playgrounds */ = {
			isa = PBXGroup;
			children = (
				06C8555719F4394F006A56EE /* GameScene.playground */,
			);
			name = playgrounds;
			sourceTree = "<group>";
		};
		06F4910619EF2D3400678016 /* sprite */ = {
			isa = PBXGroup;
			children = (
			);
			name = sprite;
			sourceTree = "<group>";
		};
		06F4910F19EF2D3D00678016 /* scene */ = {
			isa = PBXGroup;
			children = (
				06F4911019EF2D6A00678016 /* GameSceneTests.swift */,
			);
			name = scene;
			sourceTree = "<group>";
		};
/* End PBXGroup section */

/* Begin PBXNativeTarget section */
		0645C9A019ECA76100904585 /* ElGatoCanHazNYC */ = {
			isa = PBXNativeTarget;
			buildConfigurationList = 0645C9C419ECA76100904585 /* Build configuration list for PBXNativeTarget "ElGatoCanHazNYC" */;
			buildPhases = (
				0645C99D19ECA76100904585 /* Sources */,
				0645C99E19ECA76100904585 /* Frameworks */,
				0645C99F19ECA76100904585 /* Resources */,
			);
			buildRules = (
			);
			dependencies = (
			);
			name = ElGatoCanHazNYC;
			productName = ElGatoCanHazNYC;
			productReference = 0645C9A119ECA76100904585 /* ElGatoCanHazNYC.app */;
			productType = "com.apple.product-type.application";
		};
		0645C9B919ECA76100904585 /* ElGatoCanHazNYCTests */ = {
			isa = PBXNativeTarget;
			buildConfigurationList = 0645C9C719ECA76100904585 /* Build configuration list for PBXNativeTarget "ElGatoCanHazNYCTests" */;
			buildPhases = (
				0645C9B619ECA76100904585 /* Sources */,
				0645C9B719ECA76100904585 /* Frameworks */,
				0645C9B819ECA76100904585 /* Resources */,
			);
			buildRules = (
			);
			dependencies = (
				0645C9BC19ECA76100904585 /* PBXTargetDependency */,
			);
			name = ElGatoCanHazNYCTests;
			productName = ElGatoCanHazNYCTests;
			productReference = 0645C9BA19ECA76100904585 /* ElGatoCanHazNYCTests.xctest */;
			productType = "com.apple.product-type.bundle.unit-test";
		};
/* End PBXNativeTarget section */

/* Begin PBXProject section */
		0645C99919ECA76100904585 /* Project object */ = {
			isa = PBXProject;
			attributes = {
				LastUpgradeCheck = 0600;
				ORGANIZATIONNAME = 23Bit;
				TargetAttributes = {
					0645C9A019ECA76100904585 = {
						CreatedOnToolsVersion = 6.0;
					};
					0645C9B919ECA76100904585 = {
						CreatedOnToolsVersion = 6.0;
						TestTargetID = 0645C9A019ECA76100904585;
					};
				};
			};
			buildConfigurationList = 0645C99C19ECA76100904585 /* Build configuration list for PBXProject "ElGatoCanHazNYC" */;
			compatibilityVersion = "Xcode 3.2";
			developmentRegion = English;
			hasScannedForEncodings = 0;
			knownRegions = (
				en,
				Base,
			);
			mainGroup = 0645C99819ECA76100904585;
			productRefGroup = 0645C9A219ECA76100904585 /* Products */;
			projectDirPath = "";
			projectReferences = (
				{
					ProductGroup = 06B7AC6019EDCB410085116F /* Products */;
					ProjectRef = 06B7AC5F19EDCB410085116F /* Nimble.xcodeproj */;
				},
				{
					ProductGroup = 06B7AC6F19EDCB530085116F /* Products */;
					ProjectRef = 06B7AC6E19EDCB530085116F /* Quick.xcodeproj */;
				},
			);
			projectRoot = "";
			targets = (
				0645C9A019ECA76100904585 /* ElGatoCanHazNYC */,
				0645C9B919ECA76100904585 /* ElGatoCanHazNYCTests */,
			);
		};
/* End PBXProject section */

/* Begin PBXReferenceProxy section */
		06B7AC6719EDCB410085116F /* Nimble.framework */ = {
			isa = PBXReferenceProxy;
			fileType = wrapper.framework;
			path = Nimble.framework;
			remoteRef = 06B7AC6619EDCB410085116F /* PBXContainerItemProxy */;
			sourceTree = BUILT_PRODUCTS_DIR;
		};
		06B7AC6919EDCB410085116F /* NimbleTests.xctest */ = {
			isa = PBXReferenceProxy;
			fileType = wrapper.cfbundle;
			path = NimbleTests.xctest;
			remoteRef = 06B7AC6819EDCB410085116F /* PBXContainerItemProxy */;
			sourceTree = BUILT_PRODUCTS_DIR;
		};
		06B7AC6B19EDCB410085116F /* Nimble.framework */ = {
			isa = PBXReferenceProxy;
			fileType = wrapper.framework;
			path = Nimble.framework;
			remoteRef = 06B7AC6A19EDCB410085116F /* PBXContainerItemProxy */;
			sourceTree = BUILT_PRODUCTS_DIR;
		};
		06B7AC6D19EDCB410085116F /* Nimble-OSXTests.xctest */ = {
			isa = PBXReferenceProxy;
			fileType = wrapper.cfbundle;
			path = "Nimble-OSXTests.xctest";
			remoteRef = 06B7AC6C19EDCB410085116F /* PBXContainerItemProxy */;
			sourceTree = BUILT_PRODUCTS_DIR;
		};
		06B7AC7719EDCB530085116F /* Quick.framework */ = {
			isa = PBXReferenceProxy;
			fileType = wrapper.framework;
			path = Quick.framework;
			remoteRef = 06B7AC7619EDCB530085116F /* PBXContainerItemProxy */;
			sourceTree = BUILT_PRODUCTS_DIR;
		};
		06B7AC7919EDCB530085116F /* QuickTests.xctest */ = {
			isa = PBXReferenceProxy;
			fileType = wrapper.cfbundle;
			path = QuickTests.xctest;
			remoteRef = 06B7AC7819EDCB530085116F /* PBXContainerItemProxy */;
			sourceTree = BUILT_PRODUCTS_DIR;
		};
		06B7AC7B19EDCB530085116F /* Quick.framework */ = {
			isa = PBXReferenceProxy;
			fileType = wrapper.framework;
			path = Quick.framework;
			remoteRef = 06B7AC7A19EDCB530085116F /* PBXContainerItemProxy */;
			sourceTree = BUILT_PRODUCTS_DIR;
		};
		06B7AC7D19EDCB530085116F /* Quick-iOSTests.xctest */ = {
			isa = PBXReferenceProxy;
			fileType = wrapper.cfbundle;
			path = "Quick-iOSTests.xctest";
			remoteRef = 06B7AC7C19EDCB530085116F /* PBXContainerItemProxy */;
			sourceTree = BUILT_PRODUCTS_DIR;
		};
/* End PBXReferenceProxy section */

/* Begin PBXResourcesBuildPhase section */
		0645C99F19ECA76100904585 /* Resources */ = {
			isa = PBXResourcesBuildPhase;
			buildActionMask = 2147483647;
			files = (
				0645C9B519ECA76100904585 /* LaunchScreen.xib in Resources */,
				0645C9B219ECA76100904585 /* Images.xcassets in Resources */,
				0645C9A919ECA76100904585 /* GameScene.sks in Resources */,
				0645C9B019ECA76100904585 /* Main.storyboard in Resources */,
			);
			runOnlyForDeploymentPostprocessing = 0;
		};
		0645C9B819ECA76100904585 /* Resources */ = {
			isa = PBXResourcesBuildPhase;
			buildActionMask = 2147483647;
			files = (
				06D0B70819F46B8D009D8ACD /* GameScene.sks in Resources */,
			);
			runOnlyForDeploymentPostprocessing = 0;
		};
/* End PBXResourcesBuildPhase section */

/* Begin PBXSourcesBuildPhase section */
		0645C99D19ECA76100904585 /* Sources */ = {
			isa = PBXSourcesBuildPhase;
			buildActionMask = 2147483647;
			files = (
				069CCAAF1A00442100DFB8B3 /* GameOverScene.swift in Sources */,
				0645C9AB19ECA76100904585 /* GameScene.swift in Sources */,
				068213E71A003A2B00DEA0D9 /* MenuScene.swift in Sources */,
				0645C9AD19ECA76100904585 /* GameViewController.swift in Sources */,
				0645C9A719ECA76100904585 /* AppDelegate.swift in Sources */,
			);
			runOnlyForDeploymentPostprocessing = 0;
		};
		0645C9B619ECA76100904585 /* Sources */ = {
			isa = PBXSourcesBuildPhase;
			buildActionMask = 2147483647;
			files = (
				06251A501A00459700750182 /* GameOverScene.swift in Sources */,
				069CCAAD1A0043EC00DFB8B3 /* MenuScene.swift in Sources */,
				06D0B70919F46C5E009D8ACD /* GameViewController.swift in Sources */,
				06C8554C19F436D3006A56EE /* GameScene.swift in Sources */,
				06B7AC5A19EDC7090085116F /* QuickTests.swift in Sources */,
				06F4911119EF2D6A00678016 /* GameSceneTests.swift in Sources */,
			);
			runOnlyForDeploymentPostprocessing = 0;
		};
/* End PBXSourcesBuildPhase section */

/* Begin PBXTargetDependency section */
		0645C9BC19ECA76100904585 /* PBXTargetDependency */ = {
			isa = PBXTargetDependency;
			target = 0645C9A019ECA76100904585 /* ElGatoCanHazNYC */;
			targetProxy = 0645C9BB19ECA76100904585 /* PBXContainerItemProxy */;
		};
/* End PBXTargetDependency section */

/* Begin PBXVariantGroup section */
		0645C9AE19ECA76100904585 /* Main.storyboard */ = {
			isa = PBXVariantGroup;
			children = (
				0645C9AF19ECA76100904585 /* Base */,
			);
			name = Main.storyboard;
			sourceTree = "<group>";
		};
		0645C9B319ECA76100904585 /* LaunchScreen.xib */ = {
			isa = PBXVariantGroup;
			children = (
				0645C9B419ECA76100904585 /* Base */,
			);
			name = LaunchScreen.xib;
			sourceTree = "<group>";
		};
/* End PBXVariantGroup section */

/* Begin XCBuildConfiguration section */
		0645C9C219ECA76100904585 /* Debug */ = {
			isa = XCBuildConfiguration;
			buildSettings = {
				ALWAYS_SEARCH_USER_PATHS = NO;
				CLANG_CXX_LANGUAGE_STANDARD = "gnu++0x";
				CLANG_CXX_LIBRARY = "libc++";
				CLANG_ENABLE_MODULES = YES;
				CLANG_ENABLE_OBJC_ARC = YES;
				CLANG_WARN_BOOL_CONVERSION = YES;
				CLANG_WARN_CONSTANT_CONVERSION = YES;
				CLANG_WARN_DIRECT_OBJC_ISA_USAGE = YES_ERROR;
				CLANG_WARN_EMPTY_BODY = YES;
				CLANG_WARN_ENUM_CONVERSION = YES;
				CLANG_WARN_INT_CONVERSION = YES;
				CLANG_WARN_OBJC_ROOT_CLASS = YES_ERROR;
				CLANG_WARN_UNREACHABLE_CODE = YES;
				CLANG_WARN__DUPLICATE_METHOD_MATCH = YES;
				"CODE_SIGN_IDENTITY[sdk=iphoneos*]" = "iPhone Developer";
				COPY_PHASE_STRIP = NO;
				ENABLE_STRICT_OBJC_MSGSEND = YES;
				GCC_C_LANGUAGE_STANDARD = gnu99;
				GCC_DYNAMIC_NO_PIC = NO;
				GCC_OPTIMIZATION_LEVEL = 0;
				GCC_PREPROCESSOR_DEFINITIONS = (
					"DEBUG=1",
					"$(inherited)",
				);
				GCC_SYMBOLS_PRIVATE_EXTERN = NO;
				GCC_WARN_64_TO_32_BIT_CONVERSION = YES;
				GCC_WARN_ABOUT_RETURN_TYPE = YES_ERROR;
				GCC_WARN_UNDECLARED_SELECTOR = YES;
				GCC_WARN_UNINITIALIZED_AUTOS = YES_AGGRESSIVE;
				GCC_WARN_UNUSED_FUNCTION = YES;
				GCC_WARN_UNUSED_VARIABLE = YES;
				IPHONEOS_DEPLOYMENT_TARGET = 8.0;
				MTL_ENABLE_DEBUG_INFO = YES;
				ONLY_ACTIVE_ARCH = YES;
				SDKROOT = iphoneos;
				SWIFT_OPTIMIZATION_LEVEL = "-Onone";
				TARGETED_DEVICE_FAMILY = "1,2";
			};
			name = Debug;
		};
		0645C9C319ECA76100904585 /* Release */ = {
			isa = XCBuildConfiguration;
			buildSettings = {
				ALWAYS_SEARCH_USER_PATHS = NO;
				CLANG_CXX_LANGUAGE_STANDARD = "gnu++0x";
				CLANG_CXX_LIBRARY = "libc++";
				CLANG_ENABLE_MODULES = YES;
				CLANG_ENABLE_OBJC_ARC = YES;
				CLANG_WARN_BOOL_CONVERSION = YES;
				CLANG_WARN_CONSTANT_CONVERSION = YES;
				CLANG_WARN_DIRECT_OBJC_ISA_USAGE = YES_ERROR;
				CLANG_WARN_EMPTY_BODY = YES;
				CLANG_WARN_ENUM_CONVERSION = YES;
				CLANG_WARN_INT_CONVERSION = YES;
				CLANG_WARN_OBJC_ROOT_CLASS = YES_ERROR;
				CLANG_WARN_UNREACHABLE_CODE = YES;
				CLANG_WARN__DUPLICATE_METHOD_MATCH = YES;
				"CODE_SIGN_IDENTITY[sdk=iphoneos*]" = "iPhone Developer";
				COPY_PHASE_STRIP = YES;
				ENABLE_NS_ASSERTIONS = NO;
				ENABLE_STRICT_OBJC_MSGSEND = YES;
				GCC_C_LANGUAGE_STANDARD = gnu99;
				GCC_WARN_64_TO_32_BIT_CONVERSION = YES;
				GCC_WARN_ABOUT_RETURN_TYPE = YES_ERROR;
				GCC_WARN_UNDECLARED_SELECTOR = YES;
				GCC_WARN_UNINITIALIZED_AUTOS = YES_AGGRESSIVE;
				GCC_WARN_UNUSED_FUNCTION = YES;
				GCC_WARN_UNUSED_VARIABLE = YES;
				IPHONEOS_DEPLOYMENT_TARGET = 8.0;
				MTL_ENABLE_DEBUG_INFO = NO;
				SDKROOT = iphoneos;
				TARGETED_DEVICE_FAMILY = "1,2";
				VALIDATE_PRODUCT = YES;
			};
			name = Release;
		};
		0645C9C519ECA76100904585 /* Debug */ = {
			isa = XCBuildConfiguration;
			buildSettings = {
				ASSETCATALOG_COMPILER_APPICON_NAME = AppIcon;
				FRAMEWORK_SEARCH_PATHS = (
					"$(inherited)",
					"$(PROJECT_DIR)/Vendor/Quick/Externals/Nimble/build/Debug-iphoneos",
				);
				INFOPLIST_FILE = ElGatoCanHazNYC/Info.plist;
				LD_RUNPATH_SEARCH_PATHS = "$(inherited) @executable_path/Frameworks";
				PRODUCT_NAME = "$(TARGET_NAME)";
			};
			name = Debug;
		};
		0645C9C619ECA76100904585 /* Release */ = {
			isa = XCBuildConfiguration;
			buildSettings = {
				ASSETCATALOG_COMPILER_APPICON_NAME = AppIcon;
				FRAMEWORK_SEARCH_PATHS = (
					"$(inherited)",
					"$(PROJECT_DIR)/Vendor/Quick/Externals/Nimble/build/Debug-iphoneos",
				);
				INFOPLIST_FILE = ElGatoCanHazNYC/Info.plist;
				LD_RUNPATH_SEARCH_PATHS = "$(inherited) @executable_path/Frameworks";
				PRODUCT_NAME = "$(TARGET_NAME)";
			};
			name = Release;
		};
		0645C9C819ECA76100904585 /* Debug */ = {
			isa = XCBuildConfiguration;
			buildSettings = {
				BUNDLE_LOADER = "$(TEST_HOST)";
				FRAMEWORK_SEARCH_PATHS = (
					"$(SDKROOT)/Developer/Library/Frameworks",
					"$(inherited)",
					"$(PROJECT_DIR)/Vendor/Quick/Externals/Nimble/build/Debug-iphoneos",
				);
				GCC_PREPROCESSOR_DEFINITIONS = (
					"DEBUG=1",
					"$(inherited)",
				);
				INFOPLIST_FILE = ElGatoCanHazNYCTests/Info.plist;
				LD_RUNPATH_SEARCH_PATHS = "$(inherited) @executable_path/Frameworks @loader_path/Frameworks";
				PRODUCT_NAME = "$(TARGET_NAME)";
				TEST_HOST = "$(BUILT_PRODUCTS_DIR)/ElGatoCanHazNYC.app/ElGatoCanHazNYC";
			};
			name = Debug;
		};
		0645C9C919ECA76100904585 /* Release */ = {
			isa = XCBuildConfiguration;
			buildSettings = {
				BUNDLE_LOADER = "$(TEST_HOST)";
				FRAMEWORK_SEARCH_PATHS = (
					"$(SDKROOT)/Developer/Library/Frameworks",
					"$(inherited)",
					"$(PROJECT_DIR)/Vendor/Quick/Externals/Nimble/build/Debug-iphoneos",
				);
				INFOPLIST_FILE = ElGatoCanHazNYCTests/Info.plist;
				LD_RUNPATH_SEARCH_PATHS = "$(inherited) @executable_path/Frameworks @loader_path/Frameworks";
				PRODUCT_NAME = "$(TARGET_NAME)";
				TEST_HOST = "$(BUILT_PRODUCTS_DIR)/ElGatoCanHazNYC.app/ElGatoCanHazNYC";
			};
			name = Release;
		};
/* End XCBuildConfiguration section */

/* Begin XCConfigurationList section */
		0645C99C19ECA76100904585 /* Build configuration list for PBXProject "ElGatoCanHazNYC" */ = {
			isa = XCConfigurationList;
			buildConfigurations = (
				0645C9C219ECA76100904585 /* Debug */,
				0645C9C319ECA76100904585 /* Release */,
			);
			defaultConfigurationIsVisible = 0;
			defaultConfigurationName = Release;
		};
		0645C9C419ECA76100904585 /* Build configuration list for PBXNativeTarget "ElGatoCanHazNYC" */ = {
			isa = XCConfigurationList;
			buildConfigurations = (
				0645C9C519ECA76100904585 /* Debug */,
				0645C9C619ECA76100904585 /* Release */,
			);
			defaultConfigurationIsVisible = 0;
			defaultConfigurationName = Release;
		};
		0645C9C719ECA76100904585 /* Build configuration list for PBXNativeTarget "ElGatoCanHazNYCTests" */ = {
			isa = XCConfigurationList;
			buildConfigurations = (
				0645C9C819ECA76100904585 /* Debug */,
				0645C9C919ECA76100904585 /* Release */,
			);
			defaultConfigurationIsVisible = 0;
			defaultConfigurationName = Release;
		};
/* End XCConfigurationList section */
	};
	rootObject = 0645C99919ECA76100904585 /* Project object */;
}
